
Microsoft Visual Studio Solution File, Format Version 12.00
# Visual Studio 2013
VisualStudioVersion = 12.0.30110.0
MinimumVisualStudioVersion = 10.0.40219.1
Project("{F2A71F9B-5D33-465A-A702-920D77279786}") = "FSlackbot", "FSlackbot\FSlackbot.fsproj", "{2DFFE335-2374-4C50-B2B1-635D2CB47347}"
EndProject
Project("{2150E333-8FDC-42A3-9474-1A3956D46DE8}") = ".nuget", ".nuget", "{024777E8-ABF0-4FD0-AEDD-408E32520B86}"
	ProjectSection(SolutionItems) = preProject
		.nuget\packages.config = .nuget\packages.config
	EndProjectSection
EndProject
Global
	GlobalSection(SolutionConfigurationPlatforms) = preSolution
		Debug|Any CPU = Debug|Any CPU
		Release|Any CPU = Release|Any CPU
	EndGlobalSection
	GlobalSection(ProjectConfigurationPlatforms) = postSolution
		{2DFFE335-2374-4C50-B2B1-635D2CB47347}.Debug|Any CPU.ActiveCfg = Debug|Any CPU
		{2DFFE335-2374-4C50-B2B1-635D2CB47347}.Debug|Any CPU.Build.0 = Debug|Any CPU
		{2DFFE335-2374-4C50-B2B1-635D2CB47347}.Release|Any CPU.ActiveCfg = Release|Any CPU
		{2DFFE335-2374-4C50-B2B1-635D2CB47347}.Release|Any CPU.Build.0 = Release|Any CPU
	EndGlobalSection
	GlobalSection(SolutionProperties) = preSolution
		HideSolutionNode = FALSE
	EndGlobalSection
EndGlobal
